github.com/airdb/sailor v0.0.0-20180322070201-b5329e03753c h1:Vbl9tncUnaHj/nKHm0Ju8RHtMN2rQ7fL79lqsTR0lr8=
github.com/airdb/sailor v0.0.0-20180322070201-b5329e03753c/go.mod h1:OoMzxKBoixybbFrgHNZ8PPFtSkoCi6UrA67vefwKSk4=
github.com/astaxie/beego v1.10.1 h1:M2ciUnyiZycuTpGEA+idJF0gX24h58EbPvGqjnO/DCg=
github.com/astaxie/beego v1.10.1/go.mod h1:0R4++1tUqERR0WYFWdfkcrsyoVBCG4DgpDGokT3yb+U=
github.com/dgrijalva/jwt-go v3.2.0+incompatible h1:7qlOGliEKZXTDg6OTjfoBKDXWrumCAMpl/TFQ4/5kLM=
github.com/dgrijalva/jwt-go v3.2.0+incompatible/go.mod h1:E3ru+11k8xSBh+hMPgOLZmtrrCbhqsmaPHjLKYnJCaQ=
github.com/esap/wechat v0.0.0-20181009125530-09dd613b3833 h1:SX0m4MMcZZ/FlWXPgL9ofY4f4Uvqp5fG7HVrmBR3VD8=
github.com/esap/wechat v0.0.0-20181009125530-09dd613b3833/go.mod h1:JUhTW/cZr/J1ywHIp/TtFy7KgA4CpnaxNYSZWIDuAMY=
github.com/go-sql-driver/mysql v1.4.0 h1:7LxgVwFb2hIQtMm87NdgAVfXjnt4OePseqT1tKx+opk=
github.com/go-sql-driver/mysql v1.4.0/go.mod h1:zAC/RDZ24gD3HViQzih4MyKcchzm+sOG5ZlKdlhCg5w=
github.com/google/uuid v1.0.0 h1:b4Gk+7WdP/d3HZH8EJsZpvV7EtDOgaZLtnaNGIu1adA=
github.com/google/uuid v1.0.0/go.mod h1:TIyPZe4MgqvfeYDBFedMoGGpEw/LqOeaOT+nhxU+yHo=
github.com/ipipdotnet/datx-go v0.0.0-20180719104939-23723748dcf2 h1:PGOF4xyCsmHEWNK4PIc0y39Ujpv8StgpmYh2C7i/iUI=
github.com/ipipdotnet/datx-go v0.0.0-20180719104939-23723748dcf2/go.mod h1:gtW/z1HXWamRY5AhOuq1q0EXaNJdzdr9CFeWULvP2eU=
github.com/jinzhu/gorm v1.9.1 h1:lDSDtsCt5AGGSKTs8AHlSDbbgif4G4+CKJ8ETBDVHTA=
github.com/jinzhu/gorm v1.9.1/go.mod h1:Vla75njaFJ8clLU1W44h34PjIkijhjHIYnZxMqCdxqo=
github.com/jinzhu/inflection v0.0.0-20180308033659-04140366298a h1:eeaG9XMUvRBYXJi4pg1ZKM7nxc5AfXfojeLLW7O5J3k=
github.com/jinzhu/inflection v0.0.0-20180308033659-04140366298a/go.mod h1:h+uFLlag+Qp1Va5pdKtLDYj+kHp5pxUVkryuEj+Srlc=
github.com/juusechec/jwt-beego v0.0.0-20180206200454-c8c7c4585066 h1:d2H6q5YJe6bcqan/Skq7Ulv4uAtrw5tyEmMJeXfrfuU=
github.com/juusechec/jwt-beego v0.0.0-20180206200454-c8c7c4585066/go.mod h1:RC6nAsQKTYoAgdKPLEPgU716n9b2ais/YZjVrh3Gnvc=
golang.org/x/crypto v0.0.0-20181015023909-0c41d7ab0a0e h1:IzypfodbhbnViNUO/MEh0FzCUooG97cIGfdggUrUSyU=
golang.org/x/crypto v0.0.0-20181015023909-0c41d7ab0a0e/go.mod h1:6SG95UA2DQfeDnfUPMdvaQW0Q7yPrPDi9nlGo2tz2b4=
gopkg.in/check.v1 v0.0.0-20161208181325-20d25e280405/go.mod h1:Co6ibVJAznAaIkqp8huTwlJQCZ016jof/cbN4VW5Yz0=
gopkg.in/yaml.v2 v2.2.1 h1:mUhvW9EsL+naU5Q3cakzfE91YhliOondGd6ZrsDBHQE=
gopkg.in/yaml.v2 v2.2.1/go.mod h1:hI93XBmqTisBFMUTm0b8Fm+jr3Dg1NNxqwp+5A1VGuI=
